
Microsoft Visual Studio Solution File, Format Version 12.00
# Visual Studio Version 17
VisualStudioVersion = 17.0.32014.148
MinimumVisualStudioVersion = 10.0.40219.1
Project("{9A19103F-16F7-4668-BE54-9A1E7A4F7556}") = "OW21BB_HFT_2021221.Client", "OW21BB_HFT_2021221.Client\OW21BB_HFT_2021221.Client.csproj", "{5E6186DE-198D-48CC-B432-3B7011CE3B07}"
EndProject
Project("{9A19103F-16F7-4668-BE54-9A1E7A4F7556}") = "OW21BB_HFT_2021221.Models", "OW21BB_HFT_2021221.Models\OW21BB_HFT_2021221.Models.csproj", "{6BEEFA64-697F-4273-B59F-34E334295127}"
EndProject
Project("{9A19103F-16F7-4668-BE54-9A1E7A4F7556}") = "OW21BB_HFT_2021221.Data", "OW21BB_HFT_2021221.Data\OW21BB_HFT_2021221.Data.csproj", "{32616C6A-806F-48BF-A886-1E807B8DF392}"
EndProject
Project("{9A19103F-16F7-4668-BE54-9A1E7A4F7556}") = "OW21BB_HFT_2021221.Logic", "OW21BB_HFT_2021221.Logic\OW21BB_HFT_2021221.Logic.csproj", "{02D9A0A6-7264-4627-95C3-6433FEB4944D}"
EndProject
Project("{9A19103F-16F7-4668-BE54-9A1E7A4F7556}") = "OW21BB_HFT_2021221.Repository", "OW21BB_HFT_2021221.Repository\OW21BB_HFT_2021221.Repository.csproj", "{532907EB-AE2F-450D-A888-29C9B81ECEFD}"
EndProject
Project("{9A19103F-16F7-4668-BE54-9A1E7A4F7556}") = "OW21BB_HFT_2021221.Endpoint", "OW21BB_HFT_2021221.Endpoint\OW21BB_HFT_2021221.Endpoint.csproj", "{06D5517B-7A87-4DF1-AF6C-4C57801510C9}"
EndProject
Project("{2150E333-8FDC-42A3-9474-1A3956D46DE8}") = "Backend", "Backend", "{3AED42F2-1939-4886-AB6A-75620117E1B3}"
EndProject
Project("{2150E333-8FDC-42A3-9474-1A3956D46DE8}") = "Frontend", "Frontend", "{3F0A5276-2F37-4602-AB28-CB2D75B12637}"
EndProject
Project("{2150E333-8FDC-42A3-9474-1A3956D46DE8}") = "Shared", "Shared", "{CDB82AE7-D1D2-4D05-AEA0-A96105C247D5}"
EndProject
Project("{2150E333-8FDC-42A3-9474-1A3956D46DE8}") = "Others", "Others", "{4E26CAD6-C16E-4B55-BAAC-3A9FC597DF4A}"
	ProjectSection(SolutionItems) = preProject
		.gitignore = .gitignore
	EndProjectSection
EndProject
Project("{9A19103F-16F7-4668-BE54-9A1E7A4F7556}") = "OW21BB_HFT_2021221.Test", "OW21BB_HFT_2021221.Test\OW21BB_HFT_2021221.Test.csproj", "{241E43D1-E7D4-4600-8314-9BBDADAC04E6}"
EndProject
Project("{9A19103F-16F7-4668-BE54-9A1E7A4F7556}") = "OW21BB_HFT_2021221.WPFClient", "OW21BB_HFT_2021221.WPFClient\OW21BB_HFT_2021221.WPFClient.csproj", "{11657C2A-D34F-4237-BF24-C928F85167DC}"
EndProject
Project("{FAE04EC0-301F-11D3-BF4B-00C04F79EFBC}") = "OW21BB_HFT_2021221.JSClient", "OW21BB_HFT_2021221.JSClient\OW21BB_HFT_2021221.JSClient.csproj", "{F92599D1-C037-4892-89EE-C8FE503B6152}"
EndProject
Global
	GlobalSection(SolutionConfigurationPlatforms) = preSolution
		Debug|Any CPU = Debug|Any CPU
		Release|Any CPU = Release|Any CPU
	EndGlobalSection
	GlobalSection(ProjectConfigurationPlatforms) = postSolution
		{5E6186DE-198D-48CC-B432-3B7011CE3B07}.Debug|Any CPU.ActiveCfg = Debug|Any CPU
		{5E6186DE-198D-48CC-B432-3B7011CE3B07}.Debug|Any CPU.Build.0 = Debug|Any CPU
		{5E6186DE-198D-48CC-B432-3B7011CE3B07}.Release|Any CPU.ActiveCfg = Release|Any CPU
		{5E6186DE-198D-48CC-B432-3B7011CE3B07}.Release|Any CPU.Build.0 = Release|Any CPU
		{6BEEFA64-697F-4273-B59F-34E334295127}.Debug|Any CPU.ActiveCfg = Debug|Any CPU
		{6BEEFA64-697F-4273-B59F-34E334295127}.Debug|Any CPU.Build.0 = Debug|Any CPU
		{6BEEFA64-697F-4273-B59F-34E334295127}.Release|Any CPU.ActiveCfg = Release|Any CPU
		{6BEEFA64-697F-4273-B59F-34E334295127}.Release|Any CPU.Build.0 = Release|Any CPU
		{32616C6A-806F-48BF-A886-1E807B8DF392}.Debug|Any CPU.ActiveCfg = Debug|Any CPU
		{32616C6A-806F-48BF-A886-1E807B8DF392}.Debug|Any CPU.Build.0 = Debug|Any CPU
		{32616C6A-806F-48BF-A886-1E807B8DF392}.Release|Any CPU.ActiveCfg = Release|Any CPU
		{32616C6A-806F-48BF-A886-1E807B8DF392}.Release|Any CPU.Build.0 = Release|Any CPU
		{02D9A0A6-7264-4627-95C3-6433FEB4944D}.Debug|Any CPU.ActiveCfg = Debug|Any CPU
		{02D9A0A6-7264-4627-95C3-6433FEB4944D}.Debug|Any CPU.Build.0 = Debug|Any CPU
		{02D9A0A6-7264-4627-95C3-6433FEB4944D}.Release|Any CPU.ActiveCfg = Release|Any CPU
		{02D9A0A6-7264-4627-95C3-6433FEB4944D}.Release|Any CPU.Build.0 = Release|Any CPU
		{532907EB-AE2F-450D-A888-29C9B81ECEFD}.Debug|Any CPU.ActiveCfg = Debug|Any CPU
		{532907EB-AE2F-450D-A888-29C9B81ECEFD}.Debug|Any CPU.Build.0 = Debug|Any CPU
		{532907EB-AE2F-450D-A888-29C9B81ECEFD}.Release|Any CPU.ActiveCfg = Release|Any CPU
		{532907EB-AE2F-450D-A888-29C9B81ECEFD}.Release|Any CPU.Build.0 = Release|Any CPU
		{06D5517B-7A87-4DF1-AF6C-4C57801510C9}.Debug|Any CPU.ActiveCfg = Debug|Any CPU
		{06D5517B-7A87-4DF1-AF6C-4C57801510C9}.Debug|Any CPU.Build.0 = Debug|Any CPU
		{06D5517B-7A87-4DF1-AF6C-4C57801510C9}.Release|Any CPU.ActiveCfg = Release|Any CPU
		{06D5517B-7A87-4DF1-AF6C-4C57801510C9}.Release|Any CPU.Build.0 = Release|Any CPU
		{241E43D1-E7D4-4600-8314-9BBDADAC04E6}.Debug|Any CPU.ActiveCfg = Debug|Any CPU
		{241E43D1-E7D4-4600-8314-9BBDADAC04E6}.Debug|Any CPU.Build.0 = Debug|Any CPU
		{241E43D1-E7D4-4600-8314-9BBDADAC04E6}.Release|Any CPU.ActiveCfg = Release|Any CPU
		{241E43D1-E7D4-4600-8314-9BBDADAC04E6}.Release|Any CPU.Build.0 = Release|Any CPU
		{11657C2A-D34F-4237-BF24-C928F85167DC}.Debug|Any CPU.ActiveCfg = Debug|Any CPU
		{11657C2A-D34F-4237-BF24-C928F85167DC}.Debug|Any CPU.Build.0 = Debug|Any CPU
		{11657C2A-D34F-4237-BF24-C928F85167DC}.Release|Any CPU.ActiveCfg = Release|Any CPU
		{11657C2A-D34F-4237-BF24-C928F85167DC}.Release|Any CPU.Build.0 = Release|Any CPU
		{F92599D1-C037-4892-89EE-C8FE503B6152}.Debug|Any CPU.ActiveCfg = Debug|Any CPU
		{F92599D1-C037-4892-89EE-C8FE503B6152}.Debug|Any CPU.Build.0 = Debug|Any CPU
		{F92599D1-C037-4892-89EE-C8FE503B6152}.Release|Any CPU.ActiveCfg = Release|Any CPU
		{F92599D1-C037-4892-89EE-C8FE503B6152}.Release|Any CPU.Build.0 = Release|Any CPU
	EndGlobalSection
	GlobalSection(SolutionProperties) = preSolution
		HideSolutionNode = FALSE
	EndGlobalSection
	GlobalSection(NestedProjects) = preSolution
		{5E6186DE-198D-48CC-B432-3B7011CE3B07} = {3F0A5276-2F37-4602-AB28-CB2D75B12637}
		{6BEEFA64-697F-4273-B59F-34E334295127} = {CDB82AE7-D1D2-4D05-AEA0-A96105C247D5}
		{32616C6A-806F-48BF-A886-1E807B8DF392} = {3AED42F2-1939-4886-AB6A-75620117E1B3}
		{02D9A0A6-7264-4627-95C3-6433FEB4944D} = {3AED42F2-1939-4886-AB6A-75620117E1B3}
		{532907EB-AE2F-450D-A888-29C9B81ECEFD} = {3AED42F2-1939-4886-AB6A-75620117E1B3}
		{06D5517B-7A87-4DF1-AF6C-4C57801510C9} = {3AED42F2-1939-4886-AB6A-75620117E1B3}
		{241E43D1-E7D4-4600-8314-9BBDADAC04E6} = {3AED42F2-1939-4886-AB6A-75620117E1B3}
		{11657C2A-D34F-4237-BF24-C928F85167DC} = {3F0A5276-2F37-4602-AB28-CB2D75B12637}
		{F92599D1-C037-4892-89EE-C8FE503B6152} = {3F0A5276-2F37-4602-AB28-CB2D75B12637}
	EndGlobalSection
	GlobalSection(ExtensibilityGlobals) = postSolution
		SolutionGuid = {2FC27970-8F60-403F-80F3-BC968BDFF615}
	EndGlobalSection
EndGlobal
